// !$*UTF8*$!
{
	archiveVersion = 1;
	classes = {
	};
	objectVersion = 50;
	objects = {

/* Begin PBXBuildFile section */
		1892A2942386F55200BA2C94 /* BarcodeManuallyViewController.swift in Sources */ = {isa = PBXBuildFile; fileRef = 1892A2932386F55200BA2C94 /* BarcodeManuallyViewController.swift */; };
		1892A2962386F7C500BA2C94 /* UIView+LayerHelpers.swift in Sources */ = {isa = PBXBuildFile; fileRef = 1892A2952386F7C500BA2C94 /* UIView+LayerHelpers.swift */; };
		1892A298238707CE00BA2C94 /* VinDecoderViewController.swift in Sources */ = {isa = PBXBuildFile; fileRef = 1892A297238707CE00BA2C94 /* VinDecoderViewController.swift */; };
		1892A29A2387215100BA2C94 /* String.swift in Sources */ = {isa = PBXBuildFile; fileRef = 1892A2992387215100BA2C94 /* String.swift */; };
		18AFF156237BDD39009F3ECF /* BaseViewController.swift in Sources */ = {isa = PBXBuildFile; fileRef = 18AFF155237BDD39009F3ECF /* BaseViewController.swift */; };
		18AFF159237BDD39009F3ECF /* Main.storyboard in Resources */ = {isa = PBXBuildFile; fileRef = 18AFF157237BDD39009F3ECF /* Main.storyboard */; };
		18AFF15B237BDD3C009F3ECF /* Assets.xcassets in Resources */ = {isa = PBXBuildFile; fileRef = 18AFF15A237BDD3C009F3ECF /* Assets.xcassets */; };
		18AFF15E237BDD3C009F3ECF /* LaunchScreen.storyboard in Resources */ = {isa = PBXBuildFile; fileRef = 18AFF15C237BDD3C009F3ECF /* LaunchScreen.storyboard */; };
		18AFF166237BDD6B009F3ECF /* PreviewView.swift in Sources */ = {isa = PBXBuildFile; fileRef = 18AFF165237BDD6B009F3ECF /* PreviewView.swift */; };
		18AFF168237BDDA5009F3ECF /* StringTracker.swift in Sources */ = {isa = PBXBuildFile; fileRef = 18AFF167237BDDA5009F3ECF /* StringTracker.swift */; };
		18AFF16D237C5D90009F3ECF /* AVCaptureVideoOrientation.swift in Sources */ = {isa = PBXBuildFile; fileRef = 18AFF16C237C5D90009F3ECF /* AVCaptureVideoOrientation.swift */; };
		18AFF170237C5E81009F3ECF /* LicensePlateScannerViewController.swift in Sources */ = {isa = PBXBuildFile; fileRef = 18AFF16F237C5E81009F3ECF /* LicensePlateScannerViewController.swift */; };
		18AFF172237C65C0009F3ECF /* SceneDelegate.swift in Sources */ = {isa = PBXBuildFile; fileRef = 18AFF171237C65C0009F3ECF /* SceneDelegate.swift */; };
		18AFF174237C6648009F3ECF /* AppDelegate.swift in Sources */ = {isa = PBXBuildFile; fileRef = 18AFF173237C6648009F3ECF /* AppDelegate.swift */; };
		18AFF179237C67AE009F3ECF /* BarcodeScannerViewController.swift in Sources */ = {isa = PBXBuildFile; fileRef = 18AFF178237C67AE009F3ECF /* BarcodeScannerViewController.swift */; };
/* End PBXBuildFile section */

/* Begin PBXFileReference section */
		1892A2932386F55200BA2C94 /* BarcodeManuallyViewController.swift */ = {isa = PBXFileReference; lastKnownFileType = sourcecode.swift; path = BarcodeManuallyViewController.swift; sourceTree = "<group>"; };
		1892A2952386F7C500BA2C94 /* UIView+LayerHelpers.swift */ = {isa = PBXFileReference; lastKnownFileType = sourcecode.swift; path = "UIView+LayerHelpers.swift"; sourceTree = "<group>"; };
		1892A297238707CE00BA2C94 /* VinDecoderViewController.swift */ = {isa = PBXFileReference; lastKnownFileType = sourcecode.swift; path = VinDecoderViewController.swift; sourceTree = "<group>"; };
		1892A2992387215100BA2C94 /* String.swift */ = {isa = PBXFileReference; lastKnownFileType = sourcecode.swift; path = String.swift; sourceTree = "<group>"; };
		18AFF14E237BDD39009F3ECF /* CarInspection.app */ = {isa = PBXFileReference; explicitFileType = wrapper.application; includeInIndex = 0; path = CarInspection.app; sourceTree = BUILT_PRODUCTS_DIR; };
		18AFF155237BDD39009F3ECF /* BaseViewController.swift */ = {isa = PBXFileReference; lastKnownFileType = sourcecode.swift; path = BaseViewController.swift; sourceTree = "<group>"; };
		18AFF158237BDD39009F3ECF /* Base */ = {isa = PBXFileReference; lastKnownFileType = file.storyboard; name = Base; path = Base.lproj/Main.storyboard; sourceTree = "<group>"; };
		18AFF15A237BDD3C009F3ECF /* Assets.xcassets */ = {isa = PBXFileReference; lastKnownFileType = folder.assetcatalog; path = Assets.xcassets; sourceTree = "<group>"; };
		18AFF15D237BDD3C009F3ECF /* Base */ = {isa = PBXFileReference; lastKnownFileType = file.storyboard; name = Base; path = Base.lproj/LaunchScreen.storyboard; sourceTree = "<group>"; };
		18AFF15F237BDD3C009F3ECF /* Info.plist */ = {isa = PBXFileReference; lastKnownFileType = text.plist.xml; path = Info.plist; sourceTree = "<group>"; };
		18AFF165237BDD6B009F3ECF /* PreviewView.swift */ = {isa = PBXFileReference; lastKnownFileType = sourcecode.swift; path = PreviewView.swift; sourceTree = "<group>"; };
		18AFF167237BDDA5009F3ECF /* StringTracker.swift */ = {isa = PBXFileReference; lastKnownFileType = sourcecode.swift; path = StringTracker.swift; sourceTree = "<group>"; };
		18AFF16C237C5D90009F3ECF /* AVCaptureVideoOrientation.swift */ = {isa = PBXFileReference; lastKnownFileType = sourcecode.swift; path = AVCaptureVideoOrientation.swift; sourceTree = "<group>"; };
		18AFF16F237C5E81009F3ECF /* LicensePlateScannerViewController.swift */ = {isa = PBXFileReference; lastKnownFileType = sourcecode.swift; path = LicensePlateScannerViewController.swift; sourceTree = "<group>"; };
		18AFF171237C65C0009F3ECF /* SceneDelegate.swift */ = {isa = PBXFileReference; fileEncoding = 4; lastKnownFileType = sourcecode.swift; path = SceneDelegate.swift; sourceTree = "<group>"; };
		18AFF173237C6648009F3ECF /* AppDelegate.swift */ = {isa = PBXFileReference; fileEncoding = 4; lastKnownFileType = sourcecode.swift; path = AppDelegate.swift; sourceTree = "<group>"; };
		18AFF178237C67AE009F3ECF /* BarcodeScannerViewController.swift */ = {isa = PBXFileReference; lastKnownFileType = sourcecode.swift; path = BarcodeScannerViewController.swift; sourceTree = "<group>"; };
/* End PBXFileReference section */

/* Begin PBXFrameworksBuildPhase section */
		18AFF14B237BDD39009F3ECF /* Frameworks */ = {
			isa = PBXFrameworksBuildPhase;
			buildActionMask = 2147483647;
			files = (
			);
			runOnlyForDeploymentPostprocessing = 0;
		};
/* End PBXFrameworksBuildPhase section */

/* Begin PBXGroup section */
		18AFF145237BDD39009F3ECF = {
			isa = PBXGroup;
			children = (
				18AFF150237BDD39009F3ECF /* CarInspection */,
				18AFF14F237BDD39009F3ECF /* Products */,
			);
			sourceTree = "<group>";
		};
		18AFF14F237BDD39009F3ECF /* Products */ = {
			isa = PBXGroup;
			children = (
				18AFF14E237BDD39009F3ECF /* CarInspection.app */,
			);
			name = Products;
			sourceTree = "<group>";
		};
		18AFF150237BDD39009F3ECF /* CarInspection */ = {
			isa = PBXGroup;
			children = (
				18AFF173237C6648009F3ECF /* AppDelegate.swift */,
				18AFF171237C65C0009F3ECF /* SceneDelegate.swift */,
				18AFF155237BDD39009F3ECF /* BaseViewController.swift */,
				18AFF157237BDD39009F3ECF /* Main.storyboard */,
				18AFF177237C6794009F3ECF /* BarcodeScanner */,
				18AFF16E237C5E29009F3ECF /* LicensePlateScanner */,
				18AFF169237BDDA9009F3ECF /* Utils */,
				18AFF15A237BDD3C009F3ECF /* Assets.xcassets */,
				18AFF15C237BDD3C009F3ECF /* LaunchScreen.storyboard */,
				18AFF15F237BDD3C009F3ECF /* Info.plist */,
			);
			path = CarInspection;
			sourceTree = "<group>";
		};
		18AFF169237BDDA9009F3ECF /* Utils */ = {
			isa = PBXGroup;
			children = (
				18AFF167237BDDA5009F3ECF /* StringTracker.swift */,
				18AFF16C237C5D90009F3ECF /* AVCaptureVideoOrientation.swift */,
				1892A2952386F7C500BA2C94 /* UIView+LayerHelpers.swift */,
				1892A2992387215100BA2C94 /* String.swift */,
			);
			path = Utils;
			sourceTree = "<group>";
		};
		18AFF16E237C5E29009F3ECF /* LicensePlateScanner */ = {
			isa = PBXGroup;
			children = (
				18AFF16F237C5E81009F3ECF /* LicensePlateScannerViewController.swift */,
				18AFF165237BDD6B009F3ECF /* PreviewView.swift */,
			);
			path = LicensePlateScanner;
			sourceTree = "<group>";
		};
		18AFF177237C6794009F3ECF /* BarcodeScanner */ = {
			isa = PBXGroup;
			children = (
				18AFF178237C67AE009F3ECF /* BarcodeScannerViewController.swift */,
				1892A2932386F55200BA2C94 /* BarcodeManuallyViewController.swift */,
				1892A297238707CE00BA2C94 /* VinDecoderViewController.swift */,
			);
			path = BarcodeScanner;
			sourceTree = "<group>";
		};
/* End PBXGroup section */

/* Begin PBXNativeTarget section */
		18AFF14D237BDD39009F3ECF /* CarInspection */ = {
			isa = PBXNativeTarget;
			buildConfigurationList = 18AFF162237BDD3C009F3ECF /* Build configuration list for PBXNativeTarget "CarInspection" */;
			buildPhases = (
				18AFF14A237BDD39009F3ECF /* Sources */,
				18AFF14B237BDD39009F3ECF /* Frameworks */,
				18AFF14C237BDD39009F3ECF /* Resources */,
			);
			buildRules = (
			);
			dependencies = (
			);
			name = CarInspection;
			productName = CarInspection;
			productReference = 18AFF14E237BDD39009F3ECF /* CarInspection.app */;
			productType = "com.apple.product-type.application";
		};
/* End PBXNativeTarget section */

/* Begin PBXProject section */
		18AFF146237BDD39009F3ECF /* Project object */ = {
			isa = PBXProject;
			attributes = {
				LastSwiftUpdateCheck = 1120;
				LastUpgradeCheck = 1120;
				ORGANIZATIONNAME = "Mohamed Ayadi";
				TargetAttributes = {
					18AFF14D237BDD39009F3ECF = {
						CreatedOnToolsVersion = 11.2.1;
					};
				};
			};
			buildConfigurationList = 18AFF149237BDD39009F3ECF /* Build configuration list for PBXProject "CarInspection" */;
			compatibilityVersion = "Xcode 9.3";
			developmentRegion = en;
			hasScannedForEncodings = 0;
			knownRegions = (
				en,
				Base,
			);
			mainGroup = 18AFF145237BDD39009F3ECF;
			productRefGroup = 18AFF14F237BDD39009F3ECF /* Products */;
			projectDirPath = "";
			projectRoot = "";
			targets = (
				18AFF14D237BDD39009F3ECF /* CarInspection */,
			);
		};
/* End PBXProject section */

/* Begin PBXResourcesBuildPhase section */
		18AFF14C237BDD39009F3ECF /* Resources */ = {
			isa = PBXResourcesBuildPhase;
			buildActionMask = 2147483647;
			files = (
				18AFF15E237BDD3C009F3ECF /* LaunchScreen.storyboard in Resources */,
				18AFF15B237BDD3C009F3ECF /* Assets.xcassets in Resources */,
				18AFF159237BDD39009F3ECF /* Main.storyboard in Resources */,
			);
			runOnlyForDeploymentPostprocessing = 0;
		};
/* End PBXResourcesBuildPhase section */

/* Begin PBXSourcesBuildPhase section */
		18AFF14A237BDD39009F3ECF /* Sources */ = {
			isa = PBXSourcesBuildPhase;
			buildActionMask = 2147483647;
			files = (
				18AFF170237C5E81009F3ECF /* LicensePlateScannerViewController.swift in Sources */,
				18AFF172237C65C0009F3ECF /* SceneDelegate.swift in Sources */,
				1892A2962386F7C500BA2C94 /* UIView+LayerHelpers.swift in Sources */,
				1892A2942386F55200BA2C94 /* BarcodeManuallyViewController.swift in Sources */,
				18AFF16D237C5D90009F3ECF /* AVCaptureVideoOrientation.swift in Sources */,
				18AFF156237BDD39009F3ECF /* BaseViewController.swift in Sources */,
				1892A29A2387215100BA2C94 /* String.swift in Sources */,
				18AFF174237C6648009F3ECF /* AppDelegate.swift in Sources */,
				18AFF166237BDD6B009F3ECF /* PreviewView.swift in Sources */,
				18AFF179237C67AE009F3ECF /* BarcodeScannerViewController.swift in Sources */,
				1892A298238707CE00BA2C94 /* VinDecoderViewController.swift in Sources */,
				18AFF168237BDDA5009F3ECF /* StringTracker.swift in Sources */,
			);
			runOnlyForDeploymentPostprocessing = 0;
		};
/* End PBXSourcesBuildPhase section */

/* Begin PBXVariantGroup section */
		18AFF157237BDD39009F3ECF /* Main.storyboard */ = {
			isa = PBXVariantGroup;
			children = (
				18AFF158237BDD39009F3ECF /* Base */,
			);
			name = Main.storyboard;
			sourceTree = "<group>";
		};
		18AFF15C237BDD3C009F3ECF /* LaunchScreen.storyboard */ = {
			isa = PBXVariantGroup;
			children = (
				18AFF15D237BDD3C009F3ECF /* Base */,
			);
			name = LaunchScreen.storyboard;
			sourceTree = "<group>";
		};
/* End PBXVariantGroup section */

/* Begin XCBuildConfiguration section */
		18AFF160237BDD3C009F3ECF /* Debug */ = {
			isa = XCBuildConfiguration;
			buildSettings = {
				ALWAYS_SEARCH_USER_PATHS = NO;
				CLANG_ANALYZER_NONNULL = YES;
				CLANG_ANALYZER_NUMBER_OBJECT_CONVERSION = YES_AGGRESSIVE;
				CLANG_CXX_LANGUAGE_STANDARD = "gnu++14";
				CLANG_CXX_LIBRARY = "libc++";
				CLANG_ENABLE_MODULES = YES;
				CLANG_ENABLE_OBJC_ARC = YES;
				CLANG_ENABLE_OBJC_WEAK = YES;
				CLANG_WARN_BLOCK_CAPTURE_AUTORELEASING = YES;
				CLANG_WARN_BOOL_CONVERSION = YES;
				CLANG_WARN_COMMA = YES;
				CLANG_WARN_CONSTANT_CONVERSION = YES;
				CLANG_WARN_DEPRECATED_OBJC_IMPLEMENTATIONS = YES;
				CLANG_WARN_DIRECT_OBJC_ISA_USAGE = YES_ERROR;
				CLANG_WARN_DOCUMENTATION_COMMENTS = YES;
				CLANG_WARN_EMPTY_BODY = YES;
				CLANG_WARN_ENUM_CONVERSION = YES;
				CLANG_WARN_INFINITE_RECURSION = YES;
				CLANG_WARN_INT_CONVERSION = YES;
				CLANG_WARN_NON_LITERAL_NULL_CONVERSION = YES;
				CLANG_WARN_OBJC_IMPLICIT_RETAIN_SELF = YES;
				CLANG_WARN_OBJC_LITERAL_CONVERSION = YES;
				CLANG_WARN_OBJC_ROOT_CLASS = YES_ERROR;
				CLANG_WARN_RANGE_LOOP_ANALYSIS = YES;
				CLANG_WARN_STRICT_PROTOTYPES = YES;
				CLANG_WARN_SUSPICIOUS_MOVE = YES;
				CLANG_WARN_UNGUARDED_AVAILABILITY = YES_AGGRESSIVE;
				CLANG_WARN_UNREACHABLE_CODE = YES;
				CLANG_WARN__DUPLICATE_METHOD_MATCH = YES;
				COPY_PHASE_STRIP = NO;
				DEBUG_INFORMATION_FORMAT = dwarf;
				ENABLE_STRICT_OBJC_MSGSEND = YES;
				ENABLE_TESTABILITY = YES;
				GCC_C_LANGUAGE_STANDARD = gnu11;
				GCC_DYNAMIC_NO_PIC = NO;
				GCC_NO_COMMON_BLOCKS = YES;
				GCC_OPTIMIZATION_LEVEL = 0;
				GCC_PREPROCESSOR_DEFINITIONS = (
					"DEBUG=1",
					"$(inherited)",
				);
				GCC_WARN_64_TO_32_BIT_CONVERSION = YES;
				GCC_WARN_ABOUT_RETURN_TYPE = YES_ERROR;
				GCC_WARN_UNDECLARED_SELECTOR = YES;
				GCC_WARN_UNINITIALIZED_AUTOS = YES_AGGRESSIVE;
				GCC_WARN_UNUSED_FUNCTION = YES;
				GCC_WARN_UNUSED_VARIABLE = YES;
				IPHONEOS_DEPLOYMENT_TARGET = 13.2;
				MTL_ENABLE_DEBUG_INFO = INCLUDE_SOURCE;
				MTL_FAST_MATH = YES;
				ONLY_ACTIVE_ARCH = YES;
				SDKROOT = iphoneos;
				SWIFT_ACTIVE_COMPILATION_CONDITIONS = DEBUG;
				SWIFT_OPTIMIZATION_LEVEL = "-Onone";
			};
			name = Debug;
		};
		18AFF161237BDD3C009F3ECF /* Release */ = {
			isa = XCBuildConfiguration;
			buildSettings = {
				ALWAYS_SEARCH_USER_PATHS = NO;
				CLANG_ANALYZER_NONNULL = YES;
				CLANG_ANALYZER_NUMBER_OBJECT_CONVERSION = YES_AGGRESSIVE;
				CLANG_CXX_LANGUAGE_STANDARD = "gnu++14";
				CLANG_CXX_LIBRARY = "libc++";
				CLANG_ENABLE_MODULES = YES;
				CLANG_ENABLE_OBJC_ARC = YES;
				CLANG_ENABLE_OBJC_WEAK = YES;
				CLANG_WARN_BLOCK_CAPTURE_AUTORELEASING = YES;
				CLANG_WARN_BOOL_CONVERSION = YES;
				CLANG_WARN_COMMA = YES;
				CLANG_WARN_CONSTANT_CONVERSION = YES;
				CLANG_WARN_DEPRECATED_OBJC_IMPLEMENTATIONS = YES;
				CLANG_WARN_DIRECT_OBJC_ISA_USAGE = YES_ERROR;
				CLANG_WARN_DOCUMENTATION_COMMENTS = YES;
				CLANG_WARN_EMPTY_BODY = YES;
				CLANG_WARN_ENUM_CONVERSION = YES;
				CLANG_WARN_INFINITE_RECURSION = YES;
				CLANG_WARN_INT_CONVERSION = YES;
				CLANG_WARN_NON_LITERAL_NULL_CONVERSION = YES;
				CLANG_WARN_OBJC_IMPLICIT_RETAIN_SELF = YES;
				CLANG_WARN_OBJC_LITERAL_CONVERSION = YES;
				CLANG_WARN_OBJC_ROOT_CLASS = YES_ERROR;
				CLANG_WARN_RANGE_LOOP_ANALYSIS = YES;
				CLANG_WARN_STRICT_PROTOTYPES = YES;
				CLANG_WARN_SUSPICIOUS_MOVE = YES;
				CLANG_WARN_UNGUARDED_AVAILABILITY = YES_AGGRESSIVE;
				CLANG_WARN_UNREACHABLE_CODE = YES;
				CLANG_WARN__DUPLICATE_METHOD_MATCH = YES;
				COPY_PHASE_STRIP = NO;
				DEBUG_INFORMATION_FORMAT = "dwarf-with-dsym";
				ENABLE_NS_ASSERTIONS = NO;
				ENABLE_STRICT_OBJC_MSGSEND = YES;
				GCC_C_LANGUAGE_STANDARD = gnu11;
				GCC_NO_COMMON_BLOCKS = YES;
				GCC_WARN_64_TO_32_BIT_CONVERSION = YES;
				GCC_WARN_ABOUT_RETURN_TYPE = YES_ERROR;
				GCC_WARN_UNDECLARED_SELECTOR = YES;
				GCC_WARN_UNINITIALIZED_AUTOS = YES_AGGRESSIVE;
				GCC_WARN_UNUSED_FUNCTION = YES;
				GCC_WARN_UNUSED_VARIABLE = YES;
				IPHONEOS_DEPLOYMENT_TARGET = 13.2;
				MTL_ENABLE_DEBUG_INFO = NO;
				MTL_FAST_MATH = YES;
				SDKROOT = iphoneos;
				SWIFT_COMPILATION_MODE = wholemodule;
				SWIFT_OPTIMIZATION_LEVEL = "-O";
				VALIDATE_PRODUCT = YES;
			};
			name = Release;
		};
		18AFF163237BDD3C009F3ECF /* Debug */ = {
			isa = XCBuildConfiguration;
			buildSettings = {
				ASSETCATALOG_COMPILER_APPICON_NAME = AppIcon;
				CODE_SIGN_STYLE = Automatic;
				DEVELOPMENT_TEAM = BHW4PS867L;
				INFOPLIST_FILE = CarInspection/Info.plist;
				IPHONEOS_DEPLOYMENT_TARGET = 13.1;
				LD_RUNPATH_SEARCH_PATHS = (
					"$(inherited)",
					"@executable_path/Frameworks",
				);
				PRODUCT_BUNDLE_IDENTIFIER = ayadios.com.CarInspection;
				PRODUCT_NAME = "$(TARGET_NAME)";
				SWIFT_VERSION = 5.0;
				TARGETED_DEVICE_FAMILY = "1,2";
			};
			name = Debug;
		};
		18AFF164237BDD3C009F3ECF /* Release */ = {
			isa = XCBuildConfiguration;
			buildSettings = {
				ASSETCATALOG_COMPILER_APPICON_NAME = AppIcon;
				CODE_SIGN_STYLE = Automatic;
				DEVELOPMENT_TEAM = BHW4PS867L;
				INFOPLIST_FILE = CarInspection/Info.plist;
				IPHONEOS_DEPLOYMENT_TARGET = 13.1;
				LD_RUNPATH_SEARCH_PATHS = (
					"$(inherited)",
					"@executable_path/Frameworks",
				);
				PRODUCT_BUNDLE_IDENTIFIER = ayadios.com.CarInspection;
				PRODUCT_NAME = "$(TARGET_NAME)";
				SWIFT_VERSION = 5.0;
				TARGETED_DEVICE_FAMILY = "1,2";
			};
			name = Release;
		};
/* End XCBuildConfiguration section */

/* Begin XCConfigurationList section */
		18AFF149237BDD39009F3ECF /* Build configuration list for PBXProject "CarInspection" */ = {
			isa = XCConfigurationList;
			buildConfigurations = (
				18AFF160237BDD3C009F3ECF /* Debug */,
				18AFF161237BDD3C009F3ECF /* Release */,
			);
			defaultConfigurationIsVisible = 0;
			defaultConfigurationName = Release;
		};
		18AFF162237BDD3C009F3ECF /* Build configuration list for PBXNativeTarget "CarInspection" */ = {
			isa = XCConfigurationList;
			buildConfigurations = (
				18AFF163237BDD3C009F3ECF /* Debug */,
				18AFF164237BDD3C009F3ECF /* Release */,
			);
			defaultConfigurationIsVisible = 0;
			defaultConfigurationName = Release;
		};
/* End XCConfigurationList section */
	};
	rootObject = 18AFF146237BDD39009F3ECF /* Project object */;
}
